// !$*UTF8*$!
{
	archiveVersion = 1;
	classes = {
	};
	objectVersion = 56;
	objects = {

/* Begin PBXBuildFile section */
		E16A52142B4AFCC000F987F9 /* icon.jpeg in Resources */ = {isa = PBXBuildFile; fileRef = E16A52132B4AFCC000F987F9 /* icon.jpeg */; };
		E19A2C3A2B4A6D1F0013D32D /* AppDelegate.swift in Sources */ = {isa = PBXBuildFile; fileRef = E19A2C392B4A6D1F0013D32D /* AppDelegate.swift */; };
		E19A2C3C2B4A6D1F0013D32D /* SceneDelegate.swift in Sources */ = {isa = PBXBuildFile; fileRef = E19A2C3B2B4A6D1F0013D32D /* SceneDelegate.swift */; };
		E19A2C3E2B4A6D1F0013D32D /* LoginViewController.swift in Sources */ = {isa = PBXBuildFile; fileRef = E19A2C3D2B4A6D1F0013D32D /* LoginViewController.swift */; };
		E19A2C412B4A6D1F0013D32D /* Main.storyboard in Resources */ = {isa = PBXBuildFile; fileRef = E19A2C3F2B4A6D1F0013D32D /* Main.storyboard */; };
		E19A2C512B4A6D200013D32D /* ProductListingViewModelTests.swift in Sources */ = {isa = PBXBuildFile; fileRef = E19A2C502B4A6D200013D32D /* ProductListingViewModelTests.swift */; };
		E19A2C6A2B4A6D670013D32D /* ProductListingViewController.swift in Sources */ = {isa = PBXBuildFile; fileRef = E19A2C692B4A6D670013D32D /* ProductListingViewController.swift */; };
		E19A2C6C2B4A6D900013D32D /* ProductCollectionViewCell.swift in Sources */ = {isa = PBXBuildFile; fileRef = E19A2C6B2B4A6D900013D32D /* ProductCollectionViewCell.swift */; };
		E19A2C6E2B4A6DBB0013D32D /* ProductDetailsViewModel.swift in Sources */ = {isa = PBXBuildFile; fileRef = E19A2C6D2B4A6DBB0013D32D /* ProductDetailsViewModel.swift */; };
		E19A2C712B4A6DF10013D32D /* ProductDetailsViewController.swift in Sources */ = {isa = PBXBuildFile; fileRef = E19A2C6F2B4A6DE00013D32D /* ProductDetailsViewController.swift */; };
		E19A2C732B4A6E130013D32D /* ProductListingViewModel.swift in Sources */ = {isa = PBXBuildFile; fileRef = E19A2C722B4A6E130013D32D /* ProductListingViewModel.swift */; };
		E19A2C762B4A6E300013D32D /* ProductModel.swift in Sources */ = {isa = PBXBuildFile; fileRef = E19A2C742B4A6E290013D32D /* ProductModel.swift */; };
		E19A2C782B4A6E610013D32D /* NetworkManager.swift in Sources */ = {isa = PBXBuildFile; fileRef = E19A2C772B4A6E610013D32D /* NetworkManager.swift */; };
		E19A2C7A2B4A749A0013D32D /* Constants.swift in Sources */ = {isa = PBXBuildFile; fileRef = E19A2C792B4A749A0013D32D /* Constants.swift */; };
		E19A2C842B4A79990013D32D /* ProductDetailsViewModelTests.swift in Sources */ = {isa = PBXBuildFile; fileRef = E19A2C832B4A79990013D32D /* ProductDetailsViewModelTests.swift */; };
		E19A2C862B4A7A300013D32D /* LoginViewModel.swift in Sources */ = {isa = PBXBuildFile; fileRef = E19A2C852B4A7A300013D32D /* LoginViewModel.swift */; };
		E19A2C882B4A7C010013D32D /* UIViewController+Extension.swift in Sources */ = {isa = PBXBuildFile; fileRef = E19A2C872B4A7C010013D32D /* UIViewController+Extension.swift */; };
		E19A2C8A2B4AE3CD0013D32D /* ProductsService.swift in Sources */ = {isa = PBXBuildFile; fileRef = E19A2C892B4AE3CD0013D32D /* ProductsService.swift */; };
/* End PBXBuildFile section */

/* Begin PBXContainerItemProxy section */
		E19A2C4D2B4A6D200013D32D /* PBXContainerItemProxy */ = {
			isa = PBXContainerItemProxy;
			containerPortal = E19A2C2E2B4A6D1F0013D32D /* Project object */;
			proxyType = 1;
			remoteGlobalIDString = E19A2C352B4A6D1F0013D32D;
			remoteInfo = "Shopping App";
		};
		E19A2C572B4A6D200013D32D /* PBXContainerItemProxy */ = {
			isa = PBXContainerItemProxy;
			containerPortal = E19A2C2E2B4A6D1F0013D32D /* Project object */;
			proxyType = 1;
			remoteGlobalIDString = E19A2C352B4A6D1F0013D32D;
			remoteInfo = "Shopping App";
		};
/* End PBXContainerItemProxy section */

/* Begin PBXFileReference section */
		E16A52132B4AFCC000F987F9 /* icon.jpeg */ = {isa = PBXFileReference; lastKnownFileType = image.jpeg; path = icon.jpeg; sourceTree = SOURCE_ROOT; };
		E19A2C362B4A6D1F0013D32D /* Shopping App.app */ = {isa = PBXFileReference; explicitFileType = wrapper.application; includeInIndex = 0; path = "Shopping App.app"; sourceTree = BUILT_PRODUCTS_DIR; };
		E19A2C392B4A6D1F0013D32D /* AppDelegate.swift */ = {isa = PBXFileReference; lastKnownFileType = sourcecode.swift; path = AppDelegate.swift; sourceTree = "<group>"; };
		E19A2C3B2B4A6D1F0013D32D /* SceneDelegate.swift */ = {isa = PBXFileReference; lastKnownFileType = sourcecode.swift; path = SceneDelegate.swift; sourceTree = "<group>"; };
		E19A2C3D2B4A6D1F0013D32D /* LoginViewController.swift */ = {isa = PBXFileReference; lastKnownFileType = sourcecode.swift; path = LoginViewController.swift; sourceTree = "<group>"; };
		E19A2C402B4A6D1F0013D32D /* Base */ = {isa = PBXFileReference; lastKnownFileType = file.storyboard; name = Base; path = Base.lproj/Main.storyboard; sourceTree = "<group>"; };
		E19A2C472B4A6D200013D32D /* Info.plist */ = {isa = PBXFileReference; lastKnownFileType = text.plist.xml; path = Info.plist; sourceTree = "<group>"; };
		E19A2C4C2B4A6D200013D32D /* Shopping AppTests.xctest */ = {isa = PBXFileReference; explicitFileType = wrapper.cfbundle; includeInIndex = 0; path = "Shopping AppTests.xctest"; sourceTree = BUILT_PRODUCTS_DIR; };
		E19A2C502B4A6D200013D32D /* ProductListingViewModelTests.swift */ = {isa = PBXFileReference; lastKnownFileType = sourcecode.swift; path = ProductListingViewModelTests.swift; sourceTree = "<group>"; };
		E19A2C562B4A6D200013D32D /* Shopping AppUITests.xctest */ = {isa = PBXFileReference; explicitFileType = wrapper.cfbundle; includeInIndex = 0; path = "Shopping AppUITests.xctest"; sourceTree = BUILT_PRODUCTS_DIR; };
		E19A2C692B4A6D670013D32D /* ProductListingViewController.swift */ = {isa = PBXFileReference; lastKnownFileType = sourcecode.swift; path = ProductListingViewController.swift; sourceTree = "<group>"; };
		E19A2C6B2B4A6D900013D32D /* ProductCollectionViewCell.swift */ = {isa = PBXFileReference; lastKnownFileType = sourcecode.swift; path = ProductCollectionViewCell.swift; sourceTree = "<group>"; };
		E19A2C6D2B4A6DBB0013D32D /* ProductDetailsViewModel.swift */ = {isa = PBXFileReference; lastKnownFileType = sourcecode.swift; path = ProductDetailsViewModel.swift; sourceTree = "<group>"; };
		E19A2C6F2B4A6DE00013D32D /* ProductDetailsViewController.swift */ = {isa = PBXFileReference; lastKnownFileType = sourcecode.swift; path = ProductDetailsViewController.swift; sourceTree = "<group>"; };
		E19A2C722B4A6E130013D32D /* ProductListingViewModel.swift */ = {isa = PBXFileReference; lastKnownFileType = sourcecode.swift; path = ProductListingViewModel.swift; sourceTree = "<group>"; };
		E19A2C742B4A6E290013D32D /* ProductModel.swift */ = {isa = PBXFileReference; lastKnownFileType = sourcecode.swift; path = ProductModel.swift; sourceTree = "<group>"; };
		E19A2C772B4A6E610013D32D /* NetworkManager.swift */ = {isa = PBXFileReference; lastKnownFileType = sourcecode.swift; path = NetworkManager.swift; sourceTree = "<group>"; };
		E19A2C792B4A749A0013D32D /* Constants.swift */ = {isa = PBXFileReference; lastKnownFileType = sourcecode.swift; path = Constants.swift; sourceTree = "<group>"; };
		E19A2C832B4A79990013D32D /* ProductDetailsViewModelTests.swift */ = {isa = PBXFileReference; lastKnownFileType = sourcecode.swift; path = ProductDetailsViewModelTests.swift; sourceTree = "<group>"; };
		E19A2C852B4A7A300013D32D /* LoginViewModel.swift */ = {isa = PBXFileReference; lastKnownFileType = sourcecode.swift; path = LoginViewModel.swift; sourceTree = "<group>"; };
		E19A2C872B4A7C010013D32D /* UIViewController+Extension.swift */ = {isa = PBXFileReference; lastKnownFileType = sourcecode.swift; path = "UIViewController+Extension.swift"; sourceTree = "<group>"; };
		E19A2C892B4AE3CD0013D32D /* ProductsService.swift */ = {isa = PBXFileReference; lastKnownFileType = sourcecode.swift; path = ProductsService.swift; sourceTree = "<group>"; };
/* End PBXFileReference section */

/* Begin PBXFrameworksBuildPhase section */
		E19A2C332B4A6D1F0013D32D /* Frameworks */ = {
			isa = PBXFrameworksBuildPhase;
			buildActionMask = 2147483647;
			files = (
			);
			runOnlyForDeploymentPostprocessing = 0;
		};
		E19A2C492B4A6D200013D32D /* Frameworks */ = {
			isa = PBXFrameworksBuildPhase;
			buildActionMask = 2147483647;
			files = (
			);
			runOnlyForDeploymentPostprocessing = 0;
		};
		E19A2C532B4A6D200013D32D /* Frameworks */ = {
			isa = PBXFrameworksBuildPhase;
			buildActionMask = 2147483647;
			files = (
			);
			runOnlyForDeploymentPostprocessing = 0;
		};
/* End PBXFrameworksBuildPhase section */

/* Begin PBXGroup section */
		E19A2C2D2B4A6D1F0013D32D = {
			isa = PBXGroup;
			children = (
				E19A2C382B4A6D1F0013D32D /* Shopping App */,
				E19A2C4F2B4A6D200013D32D /* Shopping AppTests */,
				E19A2C372B4A6D1F0013D32D /* Products */,
			);
			sourceTree = "<group>";
		};
		E19A2C372B4A6D1F0013D32D /* Products */ = {
			isa = PBXGroup;
			children = (
				E19A2C362B4A6D1F0013D32D /* Shopping App.app */,
				E19A2C4C2B4A6D200013D32D /* Shopping AppTests.xctest */,
				E19A2C562B4A6D200013D32D /* Shopping AppUITests.xctest */,
			);
			name = Products;
			sourceTree = "<group>";
		};
		E19A2C382B4A6D1F0013D32D /* Shopping App */ = {
			isa = PBXGroup;
			children = (
				E19A2C822B4A78460013D32D /* Utilities */,
				E19A2C7B2B4A77800013D32D /* ViewModels */,
				E19A2C7D2B4A77AA0013D32D /* Delegates */,
				E19A2C7C2B4A77930013D32D /* Views */,
				E19A2C812B4A78150013D32D /* Models */,
				E19A2C7E2B4A77BC0013D32D /* NetworkManager */,
				E19A2C3F2B4A6D1F0013D32D /* Main.storyboard */,
				E19A2C472B4A6D200013D32D /* Info.plist */,
			);
			path = "Shopping App";
			sourceTree = "<group>";
		};
		E19A2C4F2B4A6D200013D32D /* Shopping AppTests */ = {
			isa = PBXGroup;
			children = (
				E19A2C502B4A6D200013D32D /* ProductListingViewModelTests.swift */,
				E19A2C832B4A79990013D32D /* ProductDetailsViewModelTests.swift */,
				E16A52132B4AFCC000F987F9 /* icon.jpeg */,
			);
			path = "Shopping AppTests";
			sourceTree = "<group>";
		};
		E19A2C7B2B4A77800013D32D /* ViewModels */ = {
			isa = PBXGroup;
			children = (
				E19A2C6D2B4A6DBB0013D32D /* ProductDetailsViewModel.swift */,
				E19A2C722B4A6E130013D32D /* ProductListingViewModel.swift */,
				E19A2C852B4A7A300013D32D /* LoginViewModel.swift */,
			);
			path = ViewModels;
			sourceTree = "<group>";
		};
		E19A2C7C2B4A77930013D32D /* Views */ = {
			isa = PBXGroup;
			children = (
				E19A2C7F2B4A77F40013D32D /* CollectionViewCells */,
				E19A2C802B4A78020013D32D /* ViewControllers */,
			);
			path = Views;
			sourceTree = "<group>";
		};
		E19A2C7D2B4A77AA0013D32D /* Delegates */ = {
			isa = PBXGroup;
			children = (
				E19A2C392B4A6D1F0013D32D /* AppDelegate.swift */,
				E19A2C3B2B4A6D1F0013D32D /* SceneDelegate.swift */,
			);
			path = Delegates;
			sourceTree = "<group>";
		};
		E19A2C7E2B4A77BC0013D32D /* NetworkManager */ = {
			isa = PBXGroup;
			children = (
				E19A2C772B4A6E610013D32D /* NetworkManager.swift */,
				E19A2C892B4AE3CD0013D32D /* ProductsService.swift */,
			);
			path = NetworkManager;
			sourceTree = "<group>";
		};
		E19A2C7F2B4A77F40013D32D /* CollectionViewCells */ = {
			isa = PBXGroup;
			children = (
				E19A2C6B2B4A6D900013D32D /* ProductCollectionViewCell.swift */,
			);
			path = CollectionViewCells;
			sourceTree = "<group>";
		};
		E19A2C802B4A78020013D32D /* ViewControllers */ = {
			isa = PBXGroup;
			children = (
				E19A2C3D2B4A6D1F0013D32D /* LoginViewController.swift */,
				E19A2C692B4A6D670013D32D /* ProductListingViewController.swift */,
				E19A2C6F2B4A6DE00013D32D /* ProductDetailsViewController.swift */,
			);
			path = ViewControllers;
			sourceTree = "<group>";
		};
		E19A2C812B4A78150013D32D /* Models */ = {
			isa = PBXGroup;
			children = (
				E19A2C742B4A6E290013D32D /* ProductModel.swift */,
			);
			path = Models;
			sourceTree = "<group>";
		};
		E19A2C822B4A78460013D32D /* Utilities */ = {
			isa = PBXGroup;
			children = (
				E19A2C792B4A749A0013D32D /* Constants.swift */,
				E19A2C872B4A7C010013D32D /* UIViewController+Extension.swift */,
			);
			path = Utilities;
			sourceTree = "<group>";
		};
/* End PBXGroup section */

/* Begin PBXNativeTarget section */
		E19A2C352B4A6D1F0013D32D /* Shopping App */ = {
			isa = PBXNativeTarget;
			buildConfigurationList = E19A2C602B4A6D200013D32D /* Build configuration list for PBXNativeTarget "Shopping App" */;
			buildPhases = (
				E19A2C322B4A6D1F0013D32D /* Sources */,
				E19A2C332B4A6D1F0013D32D /* Frameworks */,
				E19A2C342B4A6D1F0013D32D /* Resources */,
			);
			buildRules = (
			);
			dependencies = (
			);
			name = "Shopping App";
			productName = "Shopping App";
			productReference = E19A2C362B4A6D1F0013D32D /* Shopping App.app */;
			productType = "com.apple.product-type.application";
		};
		E19A2C4B2B4A6D200013D32D /* Shopping AppTests */ = {
			isa = PBXNativeTarget;
			buildConfigurationList = E19A2C632B4A6D200013D32D /* Build configuration list for PBXNativeTarget "Shopping AppTests" */;
			buildPhases = (
				E19A2C482B4A6D200013D32D /* Sources */,
				E19A2C492B4A6D200013D32D /* Frameworks */,
				E19A2C4A2B4A6D200013D32D /* Resources */,
			);
			buildRules = (
			);
			dependencies = (
				E19A2C4E2B4A6D200013D32D /* PBXTargetDependency */,
			);
			name = "Shopping AppTests";
			productName = "Shopping AppTests";
			productReference = E19A2C4C2B4A6D200013D32D /* Shopping AppTests.xctest */;
			productType = "com.apple.product-type.bundle.unit-test";
		};
		E19A2C552B4A6D200013D32D /* Shopping AppUITests */ = {
			isa = PBXNativeTarget;
			buildConfigurationList = E19A2C662B4A6D200013D32D /* Build configuration list for PBXNativeTarget "Shopping AppUITests" */;
			buildPhases = (
				E19A2C522B4A6D200013D32D /* Sources */,
				E19A2C532B4A6D200013D32D /* Frameworks */,
				E19A2C542B4A6D200013D32D /* Resources */,
			);
			buildRules = (
			);
			dependencies = (
				E19A2C582B4A6D200013D32D /* PBXTargetDependency */,
			);
			name = "Shopping AppUITests";
			productName = "Shopping AppUITests";
			productReference = E19A2C562B4A6D200013D32D /* Shopping AppUITests.xctest */;
			productType = "com.apple.product-type.bundle.ui-testing";
		};
/* End PBXNativeTarget section */

/* Begin PBXProject section */
		E19A2C2E2B4A6D1F0013D32D /* Project object */ = {
			isa = PBXProject;
			attributes = {
				BuildIndependentTargetsInParallel = 1;
				LastSwiftUpdateCheck = 1500;
				LastUpgradeCheck = 1500;
				TargetAttributes = {
					E19A2C352B4A6D1F0013D32D = {
						CreatedOnToolsVersion = 15.0;
					};
					E19A2C4B2B4A6D200013D32D = {
						CreatedOnToolsVersion = 15.0;
						TestTargetID = E19A2C352B4A6D1F0013D32D;
					};
					E19A2C552B4A6D200013D32D = {
						CreatedOnToolsVersion = 15.0;
						TestTargetID = E19A2C352B4A6D1F0013D32D;
					};
				};
			};
			buildConfigurationList = E19A2C312B4A6D1F0013D32D /* Build configuration list for PBXProject "Shopping App" */;
			compatibilityVersion = "Xcode 14.0";
			developmentRegion = en;
			hasScannedForEncodings = 0;
			knownRegions = (
				en,
				Base,
			);
			mainGroup = E19A2C2D2B4A6D1F0013D32D;
			productRefGroup = E19A2C372B4A6D1F0013D32D /* Products */;
			projectDirPath = "";
			projectRoot = "";
			targets = (
				E19A2C352B4A6D1F0013D32D /* Shopping App */,
				E19A2C4B2B4A6D200013D32D /* Shopping AppTests */,
				E19A2C552B4A6D200013D32D /* Shopping AppUITests */,
			);
		};
/* End PBXProject section */

/* Begin PBXResourcesBuildPhase section */
		E19A2C342B4A6D1F0013D32D /* Resources */ = {
			isa = PBXResourcesBuildPhase;
			buildActionMask = 2147483647;
			files = (
				E19A2C412B4A6D1F0013D32D /* Main.storyboard in Resources */,
			);
			runOnlyForDeploymentPostprocessing = 0;
		};
		E19A2C4A2B4A6D200013D32D /* Resources */ = {
			isa = PBXResourcesBuildPhase;
			buildActionMask = 2147483647;
			files = (
				E16A52142B4AFCC000F987F9 /* icon.jpeg in Resources */,
			);
			runOnlyForDeploymentPostprocessing = 0;
		};
		E19A2C542B4A6D200013D32D /* Resources */ = {
			isa = PBXResourcesBuildPhase;
			buildActionMask = 2147483647;
			files = (
			);
			runOnlyForDeploymentPostprocessing = 0;
		};
/* End PBXResourcesBuildPhase section */

/* Begin PBXSourcesBuildPhase section */
		E19A2C322B4A6D1F0013D32D /* Sources */ = {
			isa = PBXSourcesBuildPhase;
			buildActionMask = 2147483647;
			files = (
				E19A2C712B4A6DF10013D32D /* ProductDetailsViewController.swift in Sources */,
				E19A2C8A2B4AE3CD0013D32D /* ProductsService.swift in Sources */,
				E19A2C882B4A7C010013D32D /* UIViewController+Extension.swift in Sources */,
				E19A2C7A2B4A749A0013D32D /* Constants.swift in Sources */,
				E19A2C3E2B4A6D1F0013D32D /* LoginViewController.swift in Sources */,
				E19A2C3A2B4A6D1F0013D32D /* AppDelegate.swift in Sources */,
				E19A2C6C2B4A6D900013D32D /* ProductCollectionViewCell.swift in Sources */,
				E19A2C762B4A6E300013D32D /* ProductModel.swift in Sources */,
				E19A2C3C2B4A6D1F0013D32D /* SceneDelegate.swift in Sources */,
				E19A2C6A2B4A6D670013D32D /* ProductListingViewController.swift in Sources */,
				E19A2C862B4A7A300013D32D /* LoginViewModel.swift in Sources */,
				E19A2C782B4A6E610013D32D /* NetworkManager.swift in Sources */,
				E19A2C6E2B4A6DBB0013D32D /* ProductDetailsViewModel.swift in Sources */,
				E19A2C732B4A6E130013D32D /* ProductListingViewModel.swift in Sources */,
			);
			runOnlyForDeploymentPostprocessing = 0;
		};
		E19A2C482B4A6D200013D32D /* Sources */ = {
			isa = PBXSourcesBuildPhase;
			buildActionMask = 2147483647;
			files = (
				E19A2C512B4A6D200013D32D /* ProductListingViewModelTests.swift in Sources */,
				E19A2C842B4A79990013D32D /* ProductDetailsViewModelTests.swift in Sources */,
			);
			runOnlyForDeploymentPostprocessing = 0;
		};
		E19A2C522B4A6D200013D32D /* Sources */ = {
			isa = PBXSourcesBuildPhase;
			buildActionMask = 2147483647;
			files = (
			);
			runOnlyForDeploymentPostprocessing = 0;
		};
/* End PBXSourcesBuildPhase section */

/* Begin PBXTargetDependency section */
		E19A2C4E2B4A6D200013D32D /* PBXTargetDependency */ = {
			isa = PBXTargetDependency;
			target = E19A2C352B4A6D1F0013D32D /* Shopping App */;
			targetProxy = E19A2C4D2B4A6D200013D32D /* PBXContainerItemProxy */;
		};
		E19A2C582B4A6D200013D32D /* PBXTargetDependency */ = {
			isa = PBXTargetDependency;
			target = E19A2C352B4A6D1F0013D32D /* Shopping App */;
			targetProxy = E19A2C572B4A6D200013D32D /* PBXContainerItemProxy */;
		};
/* End PBXTargetDependency section */

/* Begin PBXVariantGroup section */
		E19A2C3F2B4A6D1F0013D32D /* Main.storyboard */ = {
			isa = PBXVariantGroup;
			children = (
				E19A2C402B4A6D1F0013D32D /* Base */,
			);
			name = Main.storyboard;
			sourceTree = "<group>";
		};
/* End PBXVariantGroup section */

/* Begin XCBuildConfiguration section */
		E19A2C5E2B4A6D200013D32D /* Debug */ = {
			isa = XCBuildConfiguration;
			buildSettings = {
				ALWAYS_SEARCH_USER_PATHS = NO;
				ASSETCATALOG_COMPILER_GENERATE_SWIFT_ASSET_SYMBOL_EXTENSIONS = YES;
				CLANG_ANALYZER_NONNULL = YES;
				CLANG_ANALYZER_NUMBER_OBJECT_CONVERSION = YES_AGGRESSIVE;
				CLANG_CXX_LANGUAGE_STANDARD = "gnu++20";
				CLANG_ENABLE_MODULES = YES;
				CLANG_ENABLE_OBJC_ARC = YES;
				CLANG_ENABLE_OBJC_WEAK = YES;
				CLANG_WARN_BLOCK_CAPTURE_AUTORELEASING = YES;
				CLANG_WARN_BOOL_CONVERSION = YES;
				CLANG_WARN_COMMA = YES;
				CLANG_WARN_CONSTANT_CONVERSION = YES;
				CLANG_WARN_DEPRECATED_OBJC_IMPLEMENTATIONS = YES;
				CLANG_WARN_DIRECT_OBJC_ISA_USAGE = YES_ERROR;
				CLANG_WARN_DOCUMENTATION_COMMENTS = YES;
				CLANG_WARN_EMPTY_BODY = YES;
				CLANG_WARN_ENUM_CONVERSION = YES;
				CLANG_WARN_INFINITE_RECURSION = YES;
				CLANG_WARN_INT_CONVERSION = YES;
				CLANG_WARN_NON_LITERAL_NULL_CONVERSION = YES;
				CLANG_WARN_OBJC_IMPLICIT_RETAIN_SELF = YES;
				CLANG_WARN_OBJC_LITERAL_CONVERSION = YES;
				CLANG_WARN_OBJC_ROOT_CLASS = YES_ERROR;
				CLANG_WARN_QUOTED_INCLUDE_IN_FRAMEWORK_HEADER = YES;
				CLANG_WARN_RANGE_LOOP_ANALYSIS = YES;
				CLANG_WARN_STRICT_PROTOTYPES = YES;
				CLANG_WARN_SUSPICIOUS_MOVE = YES;
				CLANG_WARN_UNGUARDED_AVAILABILITY = YES_AGGRESSIVE;
				CLANG_WARN_UNREACHABLE_CODE = YES;
				CLANG_WARN__DUPLICATE_METHOD_MATCH = YES;
				COPY_PHASE_STRIP = NO;
				DEBUG_INFORMATION_FORMAT = dwarf;
				ENABLE_STRICT_OBJC_MSGSEND = YES;
				ENABLE_TESTABILITY = YES;
				ENABLE_USER_SCRIPT_SANDBOXING = YES;
				GCC_C_LANGUAGE_STANDARD = gnu17;
				GCC_DYNAMIC_NO_PIC = NO;
				GCC_NO_COMMON_BLOCKS = YES;
				GCC_OPTIMIZATION_LEVEL = 0;
				GCC_PREPROCESSOR_DEFINITIONS = (
					"DEBUG=1",
					"$(inherited)",
				);
				GCC_WARN_64_TO_32_BIT_CONVERSION = YES;
				GCC_WARN_ABOUT_RETURN_TYPE = YES_ERROR;
				GCC_WARN_UNDECLARED_SELECTOR = YES;
				GCC_WARN_UNINITIALIZED_AUTOS = YES_AGGRESSIVE;
				GCC_WARN_UNUSED_FUNCTION = YES;
				GCC_WARN_UNUSED_VARIABLE = YES;
				IPHONEOS_DEPLOYMENT_TARGET = 17.0;
				LOCALIZATION_PREFERS_STRING_CATALOGS = YES;
				MTL_ENABLE_DEBUG_INFO = INCLUDE_SOURCE;
				MTL_FAST_MATH = YES;
				ONLY_ACTIVE_ARCH = YES;
				SDKROOT = iphoneos;
				SWIFT_ACTIVE_COMPILATION_CONDITIONS = "DEBUG $(inherited)";
				SWIFT_OPTIMIZATION_LEVEL = "-Onone";
			};
			name = Debug;
		};
		E19A2C5F2B4A6D200013D32D /* Release */ = {
			isa = XCBuildConfiguration;
			buildSettings = {
				ALWAYS_SEARCH_USER_PATHS = NO;
				ASSETCATALOG_COMPILER_GENERATE_SWIFT_ASSET_SYMBOL_EXTENSIONS = YES;
				CLANG_ANALYZER_NONNULL = YES;
				CLANG_ANALYZER_NUMBER_OBJECT_CONVERSION = YES_AGGRESSIVE;
				CLANG_CXX_LANGUAGE_STANDARD = "gnu++20";
				CLANG_ENABLE_MODULES = YES;
				CLANG_ENABLE_OBJC_ARC = YES;
				CLANG_ENABLE_OBJC_WEAK = YES;
				CLANG_WARN_BLOCK_CAPTURE_AUTORELEASING = YES;
				CLANG_WARN_BOOL_CONVERSION = YES;
				CLANG_WARN_COMMA = YES;
				CLANG_WARN_CONSTANT_CONVERSION = YES;
				CLANG_WARN_DEPRECATED_OBJC_IMPLEMENTATIONS = YES;
				CLANG_WARN_DIRECT_OBJC_ISA_USAGE = YES_ERROR;
				CLANG_WARN_DOCUMENTATION_COMMENTS = YES;
				CLANG_WARN_EMPTY_BODY = YES;
				CLANG_WARN_ENUM_CONVERSION = YES;
				CLANG_WARN_INFINITE_RECURSION = YES;
				CLANG_WARN_INT_CONVERSION = YES;
				CLANG_WARN_NON_LITERAL_NULL_CONVERSION = YES;
				CLANG_WARN_OBJC_IMPLICIT_RETAIN_SELF = YES;
				CLANG_WARN_OBJC_LITERAL_CONVERSION = YES;
				CLANG_WARN_OBJC_ROOT_CLASS = YES_ERROR;
				CLANG_WARN_QUOTED_INCLUDE_IN_FRAMEWORK_HEADER = YES;
				CLANG_WARN_RANGE_LOOP_ANALYSIS = YES;
				CLANG_WARN_STRICT_PROTOTYPES = YES;
				CLANG_WARN_SUSPICIOUS_MOVE = YES;
				CLANG_WARN_UNGUARDED_AVAILABILITY = YES_AGGRESSIVE;
				CLANG_WARN_UNREACHABLE_CODE = YES;
				CLANG_WARN__DUPLICATE_METHOD_MATCH = YES;
				COPY_PHASE_STRIP = NO;
				DEBUG_INFORMATION_FORMAT = "dwarf-with-dsym";
				ENABLE_NS_ASSERTIONS = NO;
				ENABLE_STRICT_OBJC_MSGSEND = YES;
				ENABLE_USER_SCRIPT_SANDBOXING = YES;
				GCC_C_LANGUAGE_STANDARD = gnu17;
				GCC_NO_COMMON_BLOCKS = YES;
				GCC_WARN_64_TO_32_BIT_CONVERSION = YES;
				GCC_WARN_ABOUT_RETURN_TYPE = YES_ERROR;
				GCC_WARN_UNDECLARED_SELECTOR = YES;
				GCC_WARN_UNINITIALIZED_AUTOS = YES_AGGRESSIVE;
				GCC_WARN_UNUSED_FUNCTION = YES;
				GCC_WARN_UNUSED_VARIABLE = YES;
				IPHONEOS_DEPLOYMENT_TARGET = 17.0;
				LOCALIZATION_PREFERS_STRING_CATALOGS = YES;
				MTL_ENABLE_DEBUG_INFO = NO;
				MTL_FAST_MATH = YES;
				SDKROOT = iphoneos;
				SWIFT_COMPILATION_MODE = wholemodule;
				VALIDATE_PRODUCT = YES;
			};
			name = Release;
		};
		E19A2C612B4A6D200013D32D /* Debug */ = {
			isa = XCBuildConfiguration;
			buildSettings = {
				ASSETCATALOG_COMPILER_APPICON_NAME = AppIcon;
				ASSETCATALOG_COMPILER_GLOBAL_ACCENT_COLOR_NAME = AccentColor;
				CODE_SIGN_STYLE = Automatic;
				CURRENT_PROJECT_VERSION = 1;
				GENERATE_INFOPLIST_FILE = YES;
				INFOPLIST_FILE = "Shopping App/Info.plist";
				INFOPLIST_KEY_UIApplicationSupportsIndirectInputEvents = YES;
				INFOPLIST_KEY_UILaunchStoryboardName = LaunchScreen;
				INFOPLIST_KEY_UIMainStoryboardFile = Main;
				INFOPLIST_KEY_UISupportedInterfaceOrientations_iPad = "UIInterfaceOrientationPortrait UIInterfaceOrientationPortraitUpsideDown UIInterfaceOrientationLandscapeLeft UIInterfaceOrientationLandscapeRight";
				INFOPLIST_KEY_UISupportedInterfaceOrientations_iPhone = "UIInterfaceOrientationPortrait UIInterfaceOrientationLandscapeLeft UIInterfaceOrientationLandscapeRight";
				LD_RUNPATH_SEARCH_PATHS = (
					"$(inherited)",
					"@executable_path/Frameworks",
				);
				MARKETING_VERSION = 1.0;
				PRODUCT_BUNDLE_IDENTIFIER = "com.avinash.Shopping-App";
				PRODUCT_NAME = "$(TARGET_NAME)";
				SWIFT_EMIT_LOC_STRINGS = YES;
				SWIFT_VERSION = 5.0;
				TARGETED_DEVICE_FAMILY = "1,2";
			};
			name = Debug;
		};
		E19A2C622B4A6D200013D32D /* Release */ = {
			isa = XCBuildConfiguration;
			buildSettings = {
				ASSETCATALOG_COMPILER_APPICON_NAME = AppIcon;
				ASSETCATALOG_COMPILER_GLOBAL_ACCENT_COLOR_NAME = AccentColor;
				CODE_SIGN_STYLE = Automatic;
				CURRENT_PROJECT_VERSION = 1;
				GENERATE_INFOPLIST_FILE = YES;
				INFOPLIST_FILE = "Shopping App/Info.plist";
				INFOPLIST_KEY_UIApplicationSupportsIndirectInputEvents = YES;
				INFOPLIST_KEY_UILaunchStoryboardName = LaunchScreen;
				INFOPLIST_KEY_UIMainStoryboardFile = Main;
				INFOPLIST_KEY_UISupportedInterfaceOrientations_iPad = "UIInterfaceOrientationPortrait UIInterfaceOrientationPortraitUpsideDown UIInterfaceOrientationLandscapeLeft UIInterfaceOrientationLandscapeRight";
				INFOPLIST_KEY_UISupportedInterfaceOrientations_iPhone = "UIInterfaceOrientationPortrait UIInterfaceOrientationLandscapeLeft UIInterfaceOrientationLandscapeRight";
				LD_RUNPATH_SEARCH_PATHS = (
					"$(inherited)",
					"@executable_path/Frameworks",
				);
				MARKETING_VERSION = 1.0;
				PRODUCT_BUNDLE_IDENTIFIER = "com.avinash.Shopping-App";
				PRODUCT_NAME = "$(TARGET_NAME)";
				SWIFT_EMIT_LOC_STRINGS = YES;
				SWIFT_VERSION = 5.0;
				TARGETED_DEVICE_FAMILY = "1,2";
			};
			name = Release;
		};
		E19A2C642B4A6D200013D32D /* Debug */ = {
			isa = XCBuildConfiguration;
			buildSettings = {
				ALWAYS_EMBED_SWIFT_STANDARD_LIBRARIES = YES;
				BUNDLE_LOADER = "$(TEST_HOST)";
				CODE_SIGN_STYLE = Automatic;
				CURRENT_PROJECT_VERSION = 1;
				GENERATE_INFOPLIST_FILE = YES;
				IPHONEOS_DEPLOYMENT_TARGET = 17.0;
				MARKETING_VERSION = 1.0;
				PRODUCT_BUNDLE_IDENTIFIER = "com.avinash.Shopping-AppTests";
				PRODUCT_NAME = "$(TARGET_NAME)";
				SWIFT_EMIT_LOC_STRINGS = NO;
				SWIFT_VERSION = 5.0;
				TARGETED_DEVICE_FAMILY = "1,2";
				TEST_HOST = "$(BUILT_PRODUCTS_DIR)/Shopping App.app/$(BUNDLE_EXECUTABLE_FOLDER_PATH)/Shopping App";
			};
			name = Debug;
		};
		E19A2C652B4A6D200013D32D /* Release */ = {
			isa = XCBuildConfiguration;
			buildSettings = {
				ALWAYS_EMBED_SWIFT_STANDARD_LIBRARIES = YES;
				BUNDLE_LOADER = "$(TEST_HOST)";
				CODE_SIGN_STYLE = Automatic;
				CURRENT_PROJECT_VERSION = 1;
				GENERATE_INFOPLIST_FILE = YES;
				IPHONEOS_DEPLOYMENT_TARGET = 17.0;
				MARKETING_VERSION = 1.0;
				PRODUCT_BUNDLE_IDENTIFIER = "com.avinash.Shopping-AppTests";
				PRODUCT_NAME = "$(TARGET_NAME)";
				SWIFT_EMIT_LOC_STRINGS = NO;
				SWIFT_VERSION = 5.0;
				TARGETED_DEVICE_FAMILY = "1,2";
				TEST_HOST = "$(BUILT_PRODUCTS_DIR)/Shopping App.app/$(BUNDLE_EXECUTABLE_FOLDER_PATH)/Shopping App";
			};
			name = Release;
		};
		E19A2C672B4A6D200013D32D /* Debug */ = {
			isa = XCBuildConfiguration;
			buildSettings = {
				ALWAYS_EMBED_SWIFT_STANDARD_LIBRARIES = YES;
				CODE_SIGN_STYLE = Automatic;
				CURRENT_PROJECT_VERSION = 1;
				GENERATE_INFOPLIST_FILE = YES;
				MARKETING_VERSION = 1.0;
				PRODUCT_BUNDLE_IDENTIFIER = "com.avinash.Shopping-AppUITests";
				PRODUCT_NAME = "$(TARGET_NAME)";
				SWIFT_EMIT_LOC_STRINGS = NO;
				SWIFT_VERSION = 5.0;
				TARGETED_DEVICE_FAMILY = "1,2";
				TEST_TARGET_NAME = "Shopping App";
			};
			name = Debug;
		};
		E19A2C682B4A6D200013D32D /* Release */ = {
			isa = XCBuildConfiguration;
			buildSettings = {
				ALWAYS_EMBED_SWIFT_STANDARD_LIBRARIES = YES;
				CODE_SIGN_STYLE = Automatic;
				CURRENT_PROJECT_VERSION = 1;
				GENERATE_INFOPLIST_FILE = YES;
				MARKETING_VERSION = 1.0;
				PRODUCT_BUNDLE_IDENTIFIER = "com.avinash.Shopping-AppUITests";
				PRODUCT_NAME = "$(TARGET_NAME)";
				SWIFT_EMIT_LOC_STRINGS = NO;
				SWIFT_VERSION = 5.0;
				TARGETED_DEVICE_FAMILY = "1,2";
				TEST_TARGET_NAME = "Shopping App";
			};
			name = Release;
		};
/* End XCBuildConfiguration section */

/* Begin XCConfigurationList section */
		E19A2C312B4A6D1F0013D32D /* Build configuration list for PBXProject "Shopping App" */ = {
			isa = XCConfigurationList;
			buildConfigurations = (
				E19A2C5E2B4A6D200013D32D /* Debug */,
				E19A2C5F2B4A6D200013D32D /* Release */,
			);
			defaultConfigurationIsVisible = 0;
			defaultConfigurationName = Release;
		};
		E19A2C602B4A6D200013D32D /* Build configuration list for PBXNativeTarget "Shopping App" */ = {
			isa = XCConfigurationList;
			buildConfigurations = (
				E19A2C612B4A6D200013D32D /* Debug */,
				E19A2C622B4A6D200013D32D /* Release */,
			);
			defaultConfigurationIsVisible = 0;
			defaultConfigurationName = Release;
		};
		E19A2C632B4A6D200013D32D /* Build configuration list for PBXNativeTarget "Shopping AppTests" */ = {
			isa = XCConfigurationList;
			buildConfigurations = (
				E19A2C642B4A6D200013D32D /* Debug */,
				E19A2C652B4A6D200013D32D /* Release */,
			);
			defaultConfigurationIsVisible = 0;
			defaultConfigurationName = Release;
		};
		E19A2C662B4A6D200013D32D /* Build configuration list for PBXNativeTarget "Shopping AppUITests" */ = {
			isa = XCConfigurationList;
			buildConfigurations = (
				E19A2C672B4A6D200013D32D /* Debug */,
				E19A2C682B4A6D200013D32D /* Release */,
			);
			defaultConfigurationIsVisible = 0;
			defaultConfigurationName = Release;
		};
/* End XCConfigurationList section */
	};
	rootObject = E19A2C2E2B4A6D1F0013D32D /* Project object */;
}
